
Microsoft Visual Studio Solution File, Format Version 12.00
# Visual Studio Version 16
VisualStudioVersion = 16.0.29009.5
MinimumVisualStudioVersion = 10.0.40219.1
Project("{FAE04EC0-301F-11D3-BF4B-00C04F79EFBC}") = "Forms4.Android", "Forms4\Forms4.Android\Forms4.Android.csproj", "{83AE39A7-9260-4E54-9E9F-F1A9ECCCD81D}"
EndProject
Project("{FAE04EC0-301F-11D3-BF4B-00C04F79EFBC}") = "Forms4.iOS", "Forms4\Forms4.iOS\Forms4.iOS.csproj", "{C94F074C-DF70-4E6C-9D14-B066AF90CADE}"
EndProject
Project("{FAE04EC0-301F-11D3-BF4B-00C04F79EFBC}") = "Forms4", "Forms4\Forms4\Forms4.csproj", "{C1D1FBB4-C87E-4AD5-87E2-E6393A526D74}"
EndProject
Global
	GlobalSection(SolutionConfigurationPlatforms) = preSolution
		Debug|Any CPU = Debug|Any CPU
		Debug|iPhone = Debug|iPhone
		Debug|iPhoneSimulator = Debug|iPhoneSimulator
		Release|Any CPU = Release|Any CPU
		Release|iPhone = Release|iPhone
		Release|iPhoneSimulator = Release|iPhoneSimulator
	EndGlobalSection
	GlobalSection(ProjectConfigurationPlatforms) = postSolution
		{83AE39A7-9260-4E54-9E9F-F1A9ECCCD81D}.Debug|Any CPU.ActiveCfg = Debug|Any CPU
		{83AE39A7-9260-4E54-9E9F-F1A9ECCCD81D}.Debug|Any CPU.Build.0 = Debug|Any CPU
		{83AE39A7-9260-4E54-9E9F-F1A9ECCCD81D}.Debug|Any CPU.Deploy.0 = Debug|Any CPU
		{83AE39A7-9260-4E54-9E9F-F1A9ECCCD81D}.Debug|iPhone.ActiveCfg = Debug|Any CPU
		{83AE39A7-9260-4E54-9E9F-F1A9ECCCD81D}.Debug|iPhone.Build.0 = Debug|Any CPU
		{83AE39A7-9260-4E54-9E9F-F1A9ECCCD81D}.Debug|iPhone.Deploy.0 = Debug|Any CPU
		{83AE39A7-9260-4E54-9E9F-F1A9ECCCD81D}.Debug|iPhoneSimulator.ActiveCfg = Debug|Any CPU
		{83AE39A7-9260-4E54-9E9F-F1A9ECCCD81D}.Debug|iPhoneSimulator.Build.0 = Debug|Any CPU
		{83AE39A7-9260-4E54-9E9F-F1A9ECCCD81D}.Debug|iPhoneSimulator.Deploy.0 = Debug|Any CPU
		{83AE39A7-9260-4E54-9E9F-F1A9ECCCD81D}.Release|Any CPU.ActiveCfg = Release|Any CPU
		{83AE39A7-9260-4E54-9E9F-F1A9ECCCD81D}.Release|Any CPU.Build.0 = Release|Any CPU
		{83AE39A7-9260-4E54-9E9F-F1A9ECCCD81D}.Release|Any CPU.Deploy.0 = Release|Any CPU
		{83AE39A7-9260-4E54-9E9F-F1A9ECCCD81D}.Release|iPhone.ActiveCfg = Release|Any CPU
		{83AE39A7-9260-4E54-9E9F-F1A9ECCCD81D}.Release|iPhone.Build.0 = Release|Any CPU
		{83AE39A7-9260-4E54-9E9F-F1A9ECCCD81D}.Release|iPhone.Deploy.0 = Release|Any CPU
		{83AE39A7-9260-4E54-9E9F-F1A9ECCCD81D}.Release|iPhoneSimulator.ActiveCfg = Release|Any CPU
		{83AE39A7-9260-4E54-9E9F-F1A9ECCCD81D}.Release|iPhoneSimulator.Build.0 = Release|Any CPU
		{83AE39A7-9260-4E54-9E9F-F1A9ECCCD81D}.Release|iPhoneSimulator.Deploy.0 = Release|Any CPU
		{C94F074C-DF70-4E6C-9D14-B066AF90CADE}.Debug|Any CPU.ActiveCfg = Debug|iPhone
		{C94F074C-DF70-4E6C-9D14-B066AF90CADE}.Debug|iPhone.ActiveCfg = Debug|iPhone
		{C94F074C-DF70-4E6C-9D14-B066AF90CADE}.Debug|iPhone.Build.0 = Debug|iPhone
		{C94F074C-DF70-4E6C-9D14-B066AF90CADE}.Debug|iPhoneSimulator.ActiveCfg = Debug|iPhoneSimulator
		{C94F074C-DF70-4E6C-9D14-B066AF90CADE}.Debug|iPhoneSimulator.Build.0 = Debug|iPhoneSimulator
		{C94F074C-DF70-4E6C-9D14-B066AF90CADE}.Release|Any CPU.ActiveCfg = Release|iPhone
		{C94F074C-DF70-4E6C-9D14-B066AF90CADE}.Release|iPhone.ActiveCfg = Release|iPhone
		{C94F074C-DF70-4E6C-9D14-B066AF90CADE}.Release|iPhone.Build.0 = Release|iPhone
		{C94F074C-DF70-4E6C-9D14-B066AF90CADE}.Release|iPhoneSimulator.ActiveCfg = Release|iPhoneSimulator
		{C94F074C-DF70-4E6C-9D14-B066AF90CADE}.Release|iPhoneSimulator.Build.0 = Release|iPhoneSimulator
		{C1D1FBB4-C87E-4AD5-87E2-E6393A526D74}.Debug|Any CPU.ActiveCfg = Debug|Any CPU
		{C1D1FBB4-C87E-4AD5-87E2-E6393A526D74}.Debug|Any CPU.Build.0 = Debug|Any CPU
		{C1D1FBB4-C87E-4AD5-87E2-E6393A526D74}.Debug|iPhone.ActiveCfg = Debug|Any CPU
		{C1D1FBB4-C87E-4AD5-87E2-E6393A526D74}.Debug|iPhone.Build.0 = Debug|Any CPU
		{C1D1FBB4-C87E-4AD5-87E2-E6393A526D74}.Debug|iPhoneSimulator.ActiveCfg = Debug|Any CPU
		{C1D1FBB4-C87E-4AD5-87E2-E6393A526D74}.Debug|iPhoneSimulator.Build.0 = Debug|Any CPU
		{C1D1FBB4-C87E-4AD5-87E2-E6393A526D74}.Release|Any CPU.ActiveCfg = Release|Any CPU
		{C1D1FBB4-C87E-4AD5-87E2-E6393A526D74}.Release|Any CPU.Build.0 = Release|Any CPU
		{C1D1FBB4-C87E-4AD5-87E2-E6393A526D74}.Release|iPhone.ActiveCfg = Release|Any CPU
		{C1D1FBB4-C87E-4AD5-87E2-E6393A526D74}.Release|iPhone.Build.0 = Release|Any CPU
		{C1D1FBB4-C87E-4AD5-87E2-E6393A526D74}.Release|iPhoneSimulator.ActiveCfg = Release|Any CPU
		{C1D1FBB4-C87E-4AD5-87E2-E6393A526D74}.Release|iPhoneSimulator.Build.0 = Release|Any CPU
	EndGlobalSection
	GlobalSection(SolutionProperties) = preSolution
		HideSolutionNode = FALSE
	EndGlobalSection
	GlobalSection(ExtensibilityGlobals) = postSolution
		SolutionGuid = {CB42F16F-4977-47A0-B0DB-023ACCAA4061}
	EndGlobalSection
EndGlobal
